// !$*UTF8*$!
{
	archiveVersion = 1;
	classes = {
	};
	objectVersion = 56;
	objects = {

/* Begin PBXBuildFile section */
		2379F50028F577F600479602 /* AppNavigator.swift in Sources */ = {isa = PBXBuildFile; fileRef = 2379F4FF28F577F600479602 /* AppNavigator.swift */; };
		2379F50528F5783B00479602 /* TabbarViewController.swift in Sources */ = {isa = PBXBuildFile; fileRef = 2379F50428F5783B00479602 /* TabbarViewController.swift */; };
		2379F50728F5785500479602 /* TabbarViewModel.swift in Sources */ = {isa = PBXBuildFile; fileRef = 2379F50628F5785500479602 /* TabbarViewModel.swift */; };
		2379F50928F5787100479602 /* TabbarNavigator.swift in Sources */ = {isa = PBXBuildFile; fileRef = 2379F50828F5787100479602 /* TabbarNavigator.swift */; };
		2379F50B28F5789A00479602 /* Dependancies.swift in Sources */ = {isa = PBXBuildFile; fileRef = 2379F50A28F5789A00479602 /* Dependancies.swift */; };
		2379F50E28F578F100479602 /* MainPageViewController.swift in Sources */ = {isa = PBXBuildFile; fileRef = 2379F50D28F578F100479602 /* MainPageViewController.swift */; };
		2379F51028F578FA00479602 /* MainPageViewModel.swift in Sources */ = {isa = PBXBuildFile; fileRef = 2379F50F28F578FA00479602 /* MainPageViewModel.swift */; };
		2379F51228F5790500479602 /* MainPageNavigator.swift in Sources */ = {isa = PBXBuildFile; fileRef = 2379F51128F5790500479602 /* MainPageNavigator.swift */; };
		2379F51528F57A1200479602 /* BaseViewController.swift in Sources */ = {isa = PBXBuildFile; fileRef = 2379F51428F57A1200479602 /* BaseViewController.swift */; };
		2379F51828F57A3E00479602 /* UIViewController+Extensions.swift in Sources */ = {isa = PBXBuildFile; fileRef = 2379F51728F57A3E00479602 /* UIViewController+Extensions.swift */; };
		2379F51B28F57AD700479602 /* ProfileViewController.swift in Sources */ = {isa = PBXBuildFile; fileRef = 2379F51A28F57AD700479602 /* ProfileViewController.swift */; };
		2379F51D28F57AE600479602 /* ProfileViewModel.swift in Sources */ = {isa = PBXBuildFile; fileRef = 2379F51C28F57AE600479602 /* ProfileViewModel.swift */; };
		2379F51F28F57B0400479602 /* ProfileNavigator.swift in Sources */ = {isa = PBXBuildFile; fileRef = 2379F51E28F57B0400479602 /* ProfileNavigator.swift */; };
		2379F52228F58E5C00479602 /* R.generated.swift in Sources */ = {isa = PBXBuildFile; fileRef = 2379F52128F58E5C00479602 /* R.generated.swift */; };
		2379F52528F58ED200479602 /* Localizable.strings in Resources */ = {isa = PBXBuildFile; fileRef = 2379F52428F58ED200479602 /* Localizable.strings */; };
		238A699628F576C50037EE0D /* AppDelegate.swift in Sources */ = {isa = PBXBuildFile; fileRef = 238A699528F576C50037EE0D /* AppDelegate.swift */; };
		238A699F28F576C60037EE0D /* Assets.xcassets in Resources */ = {isa = PBXBuildFile; fileRef = 238A699E28F576C60037EE0D /* Assets.xcassets */; };
		238A69A228F576C60037EE0D /* LaunchScreen.storyboard in Resources */ = {isa = PBXBuildFile; fileRef = 238A69A028F576C60037EE0D /* LaunchScreen.storyboard */; };
		F028C289CF428C4B51F0821C /* Pods_TestTaskManagerApp.framework in Frameworks */ = {isa = PBXBuildFile; fileRef = CF0F7B601E67502A225F1563 /* Pods_TestTaskManagerApp.framework */; };
/* End PBXBuildFile section */

/* Begin PBXFileReference section */
		2379F4FF28F577F600479602 /* AppNavigator.swift */ = {isa = PBXFileReference; lastKnownFileType = sourcecode.swift; path = AppNavigator.swift; sourceTree = "<group>"; };
		2379F50428F5783B00479602 /* TabbarViewController.swift */ = {isa = PBXFileReference; lastKnownFileType = sourcecode.swift; path = TabbarViewController.swift; sourceTree = "<group>"; };
		2379F50628F5785500479602 /* TabbarViewModel.swift */ = {isa = PBXFileReference; lastKnownFileType = sourcecode.swift; path = TabbarViewModel.swift; sourceTree = "<group>"; };
		2379F50828F5787100479602 /* TabbarNavigator.swift */ = {isa = PBXFileReference; lastKnownFileType = sourcecode.swift; path = TabbarNavigator.swift; sourceTree = "<group>"; };
		2379F50A28F5789A00479602 /* Dependancies.swift */ = {isa = PBXFileReference; lastKnownFileType = sourcecode.swift; path = Dependancies.swift; sourceTree = "<group>"; };
		2379F50D28F578F100479602 /* MainPageViewController.swift */ = {isa = PBXFileReference; lastKnownFileType = sourcecode.swift; path = MainPageViewController.swift; sourceTree = "<group>"; };
		2379F50F28F578FA00479602 /* MainPageViewModel.swift */ = {isa = PBXFileReference; lastKnownFileType = sourcecode.swift; path = MainPageViewModel.swift; sourceTree = "<group>"; };
		2379F51128F5790500479602 /* MainPageNavigator.swift */ = {isa = PBXFileReference; lastKnownFileType = sourcecode.swift; path = MainPageNavigator.swift; sourceTree = "<group>"; };
		2379F51428F57A1200479602 /* BaseViewController.swift */ = {isa = PBXFileReference; lastKnownFileType = sourcecode.swift; path = BaseViewController.swift; sourceTree = "<group>"; };
		2379F51728F57A3E00479602 /* UIViewController+Extensions.swift */ = {isa = PBXFileReference; lastKnownFileType = sourcecode.swift; path = "UIViewController+Extensions.swift"; sourceTree = "<group>"; };
		2379F51A28F57AD700479602 /* ProfileViewController.swift */ = {isa = PBXFileReference; lastKnownFileType = sourcecode.swift; path = ProfileViewController.swift; sourceTree = "<group>"; };
		2379F51C28F57AE600479602 /* ProfileViewModel.swift */ = {isa = PBXFileReference; lastKnownFileType = sourcecode.swift; path = ProfileViewModel.swift; sourceTree = "<group>"; };
		2379F51E28F57B0400479602 /* ProfileNavigator.swift */ = {isa = PBXFileReference; lastKnownFileType = sourcecode.swift; path = ProfileNavigator.swift; sourceTree = "<group>"; };
		2379F52128F58E5C00479602 /* R.generated.swift */ = {isa = PBXFileReference; fileEncoding = 4; lastKnownFileType = sourcecode.swift; path = R.generated.swift; sourceTree = "<group>"; };
		2379F52428F58ED200479602 /* Localizable.strings */ = {isa = PBXFileReference; lastKnownFileType = text.plist.strings; path = Localizable.strings; sourceTree = "<group>"; };
		238A699228F576C50037EE0D /* TestTaskManagerApp.app */ = {isa = PBXFileReference; explicitFileType = wrapper.application; includeInIndex = 0; path = TestTaskManagerApp.app; sourceTree = BUILT_PRODUCTS_DIR; };
		238A699528F576C50037EE0D /* AppDelegate.swift */ = {isa = PBXFileReference; lastKnownFileType = sourcecode.swift; path = AppDelegate.swift; sourceTree = "<group>"; };
		238A699E28F576C60037EE0D /* Assets.xcassets */ = {isa = PBXFileReference; lastKnownFileType = folder.assetcatalog; path = Assets.xcassets; sourceTree = "<group>"; };
		238A69A128F576C60037EE0D /* Base */ = {isa = PBXFileReference; lastKnownFileType = file.storyboard; name = Base; path = Base.lproj/LaunchScreen.storyboard; sourceTree = "<group>"; };
		238A69A328F576C60037EE0D /* Info.plist */ = {isa = PBXFileReference; lastKnownFileType = text.plist.xml; path = Info.plist; sourceTree = "<group>"; };
		59A82FA233CF74335A9F1147 /* Pods-TestTaskManagerApp.release.xcconfig */ = {isa = PBXFileReference; includeInIndex = 1; lastKnownFileType = text.xcconfig; name = "Pods-TestTaskManagerApp.release.xcconfig"; path = "Target Support Files/Pods-TestTaskManagerApp/Pods-TestTaskManagerApp.release.xcconfig"; sourceTree = "<group>"; };
		CB948FCE039D1F2837480AA4 /* Pods-TestTaskManagerApp.debug.xcconfig */ = {isa = PBXFileReference; includeInIndex = 1; lastKnownFileType = text.xcconfig; name = "Pods-TestTaskManagerApp.debug.xcconfig"; path = "Target Support Files/Pods-TestTaskManagerApp/Pods-TestTaskManagerApp.debug.xcconfig"; sourceTree = "<group>"; };
		CF0F7B601E67502A225F1563 /* Pods_TestTaskManagerApp.framework */ = {isa = PBXFileReference; explicitFileType = wrapper.framework; includeInIndex = 0; path = Pods_TestTaskManagerApp.framework; sourceTree = BUILT_PRODUCTS_DIR; };
/* End PBXFileReference section */

/* Begin PBXFrameworksBuildPhase section */
		238A698F28F576C50037EE0D /* Frameworks */ = {
			isa = PBXFrameworksBuildPhase;
			buildActionMask = 2147483647;
			files = (
				F028C289CF428C4B51F0821C /* Pods_TestTaskManagerApp.framework in Frameworks */,
			);
			runOnlyForDeploymentPostprocessing = 0;
		};
/* End PBXFrameworksBuildPhase section */

/* Begin PBXGroup section */
		16E7451A6EC6A77B436102EF /* Pods */ = {
			isa = PBXGroup;
			children = (
				CB948FCE039D1F2837480AA4 /* Pods-TestTaskManagerApp.debug.xcconfig */,
				59A82FA233CF74335A9F1147 /* Pods-TestTaskManagerApp.release.xcconfig */,
			);
			path = Pods;
			sourceTree = "<group>";
		};
		2379F50128F5781C00479602 /* DI */ = {
			isa = PBXGroup;
			children = (
				2379F50A28F5789A00479602 /* Dependancies.swift */,
			);
			path = DI;
			sourceTree = "<group>";
		};
		2379F50228F5782200479602 /* Screens */ = {
			isa = PBXGroup;
			children = (
				2379F50328F5782F00479602 /* Tabbar */,
				2379F50C28F578E700479602 /* MainPage */,
				2379F51928F57AC400479602 /* Profile */,
			);
			path = Screens;
			sourceTree = "<group>";
		};
		2379F50328F5782F00479602 /* Tabbar */ = {
			isa = PBXGroup;
			children = (
				2379F50428F5783B00479602 /* TabbarViewController.swift */,
				2379F50628F5785500479602 /* TabbarViewModel.swift */,
				2379F50828F5787100479602 /* TabbarNavigator.swift */,
			);
			path = Tabbar;
			sourceTree = "<group>";
		};
		2379F50C28F578E700479602 /* MainPage */ = {
			isa = PBXGroup;
			children = (
				2379F50D28F578F100479602 /* MainPageViewController.swift */,
				2379F50F28F578FA00479602 /* MainPageViewModel.swift */,
				2379F51128F5790500479602 /* MainPageNavigator.swift */,
			);
			path = MainPage;
			sourceTree = "<group>";
		};
		2379F51328F579F300479602 /* Common */ = {
			isa = PBXGroup;
			children = (
				2379F52328F58EC600479602 /* Strings */,
				2379F51628F57A2B00479602 /* Extensions */,
				2379F51428F57A1200479602 /* BaseViewController.swift */,
			);
			path = Common;
			sourceTree = "<group>";
		};
		2379F51628F57A2B00479602 /* Extensions */ = {
			isa = PBXGroup;
			children = (
				2379F51728F57A3E00479602 /* UIViewController+Extensions.swift */,
			);
			path = Extensions;
			sourceTree = "<group>";
		};
		2379F51928F57AC400479602 /* Profile */ = {
			isa = PBXGroup;
			children = (
				2379F51A28F57AD700479602 /* ProfileViewController.swift */,
				2379F51C28F57AE600479602 /* ProfileViewModel.swift */,
				2379F51E28F57B0400479602 /* ProfileNavigator.swift */,
			);
			path = Profile;
			sourceTree = "<group>";
		};
		2379F52328F58EC600479602 /* Strings */ = {
			isa = PBXGroup;
			children = (
				2379F52428F58ED200479602 /* Localizable.strings */,
			);
			path = Strings;
			sourceTree = "<group>";
		};
		238A698928F576C50037EE0D = {
			isa = PBXGroup;
			children = (
				2379F52128F58E5C00479602 /* R.generated.swift */,
				238A699428F576C50037EE0D /* TestTaskManagerApp */,
				238A699328F576C50037EE0D /* Products */,
				16E7451A6EC6A77B436102EF /* Pods */,
				B6D4729919AB8B6B09DB489B /* Frameworks */,
			);
			sourceTree = "<group>";
		};
		238A699328F576C50037EE0D /* Products */ = {
			isa = PBXGroup;
			children = (
				238A699228F576C50037EE0D /* TestTaskManagerApp.app */,
			);
			name = Products;
			sourceTree = "<group>";
		};
		238A699428F576C50037EE0D /* TestTaskManagerApp */ = {
			isa = PBXGroup;
			children = (
				238A699528F576C50037EE0D /* AppDelegate.swift */,
				2379F4FF28F577F600479602 /* AppNavigator.swift */,
				2379F50128F5781C00479602 /* DI */,
				2379F51328F579F300479602 /* Common */,
				2379F50228F5782200479602 /* Screens */,
				238A699E28F576C60037EE0D /* Assets.xcassets */,
				238A69A028F576C60037EE0D /* LaunchScreen.storyboard */,
				238A69A328F576C60037EE0D /* Info.plist */,
			);
			path = TestTaskManagerApp;
			sourceTree = "<group>";
		};
		B6D4729919AB8B6B09DB489B /* Frameworks */ = {
			isa = PBXGroup;
			children = (
				CF0F7B601E67502A225F1563 /* Pods_TestTaskManagerApp.framework */,
			);
			name = Frameworks;
			sourceTree = "<group>";
		};
/* End PBXGroup section */

/* Begin PBXNativeTarget section */
		238A699128F576C50037EE0D /* TestTaskManagerApp */ = {
			isa = PBXNativeTarget;
			buildConfigurationList = 238A69A628F576C60037EE0D /* Build configuration list for PBXNativeTarget "TestTaskManagerApp" */;
			buildPhases = (
				AA71B0B8EACEDE0060FA1A65 /* [CP] Check Pods Manifest.lock */,
				2379F52028F58E1500479602 /* ShellScript */,
				238A698E28F576C50037EE0D /* Sources */,
				238A698F28F576C50037EE0D /* Frameworks */,
				238A699028F576C50037EE0D /* Resources */,
				D47FFB41AA2B72BCC2CB378C /* [CP] Embed Pods Frameworks */,
			);
			buildRules = (
			);
			dependencies = (
			);
			name = TestTaskManagerApp;
			productName = TestTaskManagerApp;
			productReference = 238A699228F576C50037EE0D /* TestTaskManagerApp.app */;
			productType = "com.apple.product-type.application";
		};
/* End PBXNativeTarget section */

/* Begin PBXProject section */
		238A698A28F576C50037EE0D /* Project object */ = {
			isa = PBXProject;
			attributes = {
				BuildIndependentTargetsInParallel = 1;
				LastSwiftUpdateCheck = 1400;
				LastUpgradeCheck = 1400;
				TargetAttributes = {
					238A699128F576C50037EE0D = {
						CreatedOnToolsVersion = 14.0.1;
					};
				};
			};
			buildConfigurationList = 238A698D28F576C50037EE0D /* Build configuration list for PBXProject "TestTaskManagerApp" */;
			compatibilityVersion = "Xcode 14.0";
			developmentRegion = en;
			hasScannedForEncodings = 0;
			knownRegions = (
				en,
				Base,
			);
			mainGroup = 238A698928F576C50037EE0D;
			productRefGroup = 238A699328F576C50037EE0D /* Products */;
			projectDirPath = "";
			projectRoot = "";
			targets = (
				238A699128F576C50037EE0D /* TestTaskManagerApp */,
			);
		};
/* End PBXProject section */

/* Begin PBXResourcesBuildPhase section */
		238A699028F576C50037EE0D /* Resources */ = {
			isa = PBXResourcesBuildPhase;
			buildActionMask = 2147483647;
			files = (
				238A69A228F576C60037EE0D /* LaunchScreen.storyboard in Resources */,
				2379F52528F58ED200479602 /* Localizable.strings in Resources */,
				238A699F28F576C60037EE0D /* Assets.xcassets in Resources */,
			);
			runOnlyForDeploymentPostprocessing = 0;
		};
/* End PBXResourcesBuildPhase section */

/* Begin PBXShellScriptBuildPhase section */
		2379F52028F58E1500479602 /* ShellScript */ = {
			isa = PBXShellScriptBuildPhase;
			alwaysOutOfDate = 1;
			buildActionMask = 2147483647;
			files = (
			);
			inputFileListPaths = (
			);
			inputPaths = (
			);
			outputFileListPaths = (
			);
			outputPaths = (
				$SRCROOT/R.generated.swift,
			);
			runOnlyForDeploymentPostprocessing = 0;
			shellPath = /bin/sh;
			shellScript = "# Type a script or drag a script file from your workspace to insert its path.\n\"$PODS_ROOT/R.swift/rswift\" generate \"$SRCROOT/R.generated.swift\"\n";
		};
		AA71B0B8EACEDE0060FA1A65 /* [CP] Check Pods Manifest.lock */ = {
			isa = PBXShellScriptBuildPhase;
			buildActionMask = 2147483647;
			files = (
			);
			inputFileListPaths = (
			);
			inputPaths = (
				"${PODS_PODFILE_DIR_PATH}/Podfile.lock",
				"${PODS_ROOT}/Manifest.lock",
			);
			name = "[CP] Check Pods Manifest.lock";
			outputFileListPaths = (
			);
			outputPaths = (
				"$(DERIVED_FILE_DIR)/Pods-TestTaskManagerApp-checkManifestLockResult.txt",
			);
			runOnlyForDeploymentPostprocessing = 0;
			shellPath = /bin/sh;
			shellScript = "diff \"${PODS_PODFILE_DIR_PATH}/Podfile.lock\" \"${PODS_ROOT}/Manifest.lock\" > /dev/null\nif [ $? != 0 ] ; then\n    # print error to STDERR\n    echo \"error: The sandbox is not in sync with the Podfile.lock. Run 'pod install' or update your CocoaPods installation.\" >&2\n    exit 1\nfi\n# This output is used by Xcode 'outputs' to avoid re-running this script phase.\necho \"SUCCESS\" > \"${SCRIPT_OUTPUT_FILE_0}\"\n";
			showEnvVarsInLog = 0;
		};
		D47FFB41AA2B72BCC2CB378C /* [CP] Embed Pods Frameworks */ = {
			isa = PBXShellScriptBuildPhase;
			buildActionMask = 2147483647;
			files = (
			);
			inputFileListPaths = (
				"${PODS_ROOT}/Target Support Files/Pods-TestTaskManagerApp/Pods-TestTaskManagerApp-frameworks-${CONFIGURATION}-input-files.xcfilelist",
			);
			name = "[CP] Embed Pods Frameworks";
			outputFileListPaths = (
				"${PODS_ROOT}/Target Support Files/Pods-TestTaskManagerApp/Pods-TestTaskManagerApp-frameworks-${CONFIGURATION}-output-files.xcfilelist",
			);
			runOnlyForDeploymentPostprocessing = 0;
			shellPath = /bin/sh;
			shellScript = "\"${PODS_ROOT}/Target Support Files/Pods-TestTaskManagerApp/Pods-TestTaskManagerApp-frameworks.sh\"\n";
			showEnvVarsInLog = 0;
		};
/* End PBXShellScriptBuildPhase section */

/* Begin PBXSourcesBuildPhase section */
		238A698E28F576C50037EE0D /* Sources */ = {
			isa = PBXSourcesBuildPhase;
			buildActionMask = 2147483647;
			files = (
				2379F51228F5790500479602 /* MainPageNavigator.swift in Sources */,
				2379F51F28F57B0400479602 /* ProfileNavigator.swift in Sources */,
				2379F52228F58E5C00479602 /* R.generated.swift in Sources */,
				2379F51028F578FA00479602 /* MainPageViewModel.swift in Sources */,
				2379F50B28F5789A00479602 /* Dependancies.swift in Sources */,
				2379F50E28F578F100479602 /* MainPageViewController.swift in Sources */,
				2379F50928F5787100479602 /* TabbarNavigator.swift in Sources */,
				2379F51528F57A1200479602 /* BaseViewController.swift in Sources */,
				2379F51B28F57AD700479602 /* ProfileViewController.swift in Sources */,
				2379F51828F57A3E00479602 /* UIViewController+Extensions.swift in Sources */,
				2379F50728F5785500479602 /* TabbarViewModel.swift in Sources */,
				238A699628F576C50037EE0D /* AppDelegate.swift in Sources */,
				2379F51D28F57AE600479602 /* ProfileViewModel.swift in Sources */,
				2379F50028F577F600479602 /* AppNavigator.swift in Sources */,
				2379F50528F5783B00479602 /* TabbarViewController.swift in Sources */,
			);
			runOnlyForDeploymentPostprocessing = 0;
		};
/* End PBXSourcesBuildPhase section */

/* Begin PBXVariantGroup section */
		238A69A028F576C60037EE0D /* LaunchScreen.storyboard */ = {
			isa = PBXVariantGroup;
			children = (
				238A69A128F576C60037EE0D /* Base */,
			);
			name = LaunchScreen.storyboard;
			sourceTree = "<group>";
		};
/* End PBXVariantGroup section */

/* Begin XCBuildConfiguration section */
		238A69A428F576C60037EE0D /* Debug */ = {
			isa = XCBuildConfiguration;
			buildSettings = {
				ALWAYS_SEARCH_USER_PATHS = NO;
				CLANG_ANALYZER_NONNULL = YES;
				CLANG_ANALYZER_NUMBER_OBJECT_CONVERSION = YES_AGGRESSIVE;
				CLANG_CXX_LANGUAGE_STANDARD = "gnu++20";
				CLANG_ENABLE_MODULES = YES;
				CLANG_ENABLE_OBJC_ARC = YES;
				CLANG_ENABLE_OBJC_WEAK = YES;
				CLANG_WARN_BLOCK_CAPTURE_AUTORELEASING = YES;
				CLANG_WARN_BOOL_CONVERSION = YES;
				CLANG_WARN_COMMA = YES;
				CLANG_WARN_CONSTANT_CONVERSION = YES;
				CLANG_WARN_DEPRECATED_OBJC_IMPLEMENTATIONS = YES;
				CLANG_WARN_DIRECT_OBJC_ISA_USAGE = YES_ERROR;
				CLANG_WARN_DOCUMENTATION_COMMENTS = YES;
				CLANG_WARN_EMPTY_BODY = YES;
				CLANG_WARN_ENUM_CONVERSION = YES;
				CLANG_WARN_INFINITE_RECURSION = YES;
				CLANG_WARN_INT_CONVERSION = YES;
				CLANG_WARN_NON_LITERAL_NULL_CONVERSION = YES;
				CLANG_WARN_OBJC_IMPLICIT_RETAIN_SELF = YES;
				CLANG_WARN_OBJC_LITERAL_CONVERSION = YES;
				CLANG_WARN_OBJC_ROOT_CLASS = YES_ERROR;
				CLANG_WARN_QUOTED_INCLUDE_IN_FRAMEWORK_HEADER = YES;
				CLANG_WARN_RANGE_LOOP_ANALYSIS = YES;
				CLANG_WARN_STRICT_PROTOTYPES = YES;
				CLANG_WARN_SUSPICIOUS_MOVE = YES;
				CLANG_WARN_UNGUARDED_AVAILABILITY = YES_AGGRESSIVE;
				CLANG_WARN_UNREACHABLE_CODE = YES;
				CLANG_WARN__DUPLICATE_METHOD_MATCH = YES;
				COPY_PHASE_STRIP = NO;
				DEBUG_INFORMATION_FORMAT = dwarf;
				ENABLE_STRICT_OBJC_MSGSEND = YES;
				ENABLE_TESTABILITY = YES;
				GCC_C_LANGUAGE_STANDARD = gnu11;
				GCC_DYNAMIC_NO_PIC = NO;
				GCC_NO_COMMON_BLOCKS = YES;
				GCC_OPTIMIZATION_LEVEL = 0;
				GCC_PREPROCESSOR_DEFINITIONS = (
					"DEBUG=1",
					"$(inherited)",
				);
				GCC_WARN_64_TO_32_BIT_CONVERSION = YES;
				GCC_WARN_ABOUT_RETURN_TYPE = YES_ERROR;
				GCC_WARN_UNDECLARED_SELECTOR = YES;
				GCC_WARN_UNINITIALIZED_AUTOS = YES_AGGRESSIVE;
				GCC_WARN_UNUSED_FUNCTION = YES;
				GCC_WARN_UNUSED_VARIABLE = YES;
				IPHONEOS_DEPLOYMENT_TARGET = 16.0;
				MTL_ENABLE_DEBUG_INFO = INCLUDE_SOURCE;
				MTL_FAST_MATH = YES;
				ONLY_ACTIVE_ARCH = YES;
				SDKROOT = iphoneos;
				SWIFT_ACTIVE_COMPILATION_CONDITIONS = DEBUG;
				SWIFT_OPTIMIZATION_LEVEL = "-Onone";
			};
			name = Debug;
		};
		238A69A528F576C60037EE0D /* Release */ = {
			isa = XCBuildConfiguration;
			buildSettings = {
				ALWAYS_SEARCH_USER_PATHS = NO;
				CLANG_ANALYZER_NONNULL = YES;
				CLANG_ANALYZER_NUMBER_OBJECT_CONVERSION = YES_AGGRESSIVE;
				CLANG_CXX_LANGUAGE_STANDARD = "gnu++20";
				CLANG_ENABLE_MODULES = YES;
				CLANG_ENABLE_OBJC_ARC = YES;
				CLANG_ENABLE_OBJC_WEAK = YES;
				CLANG_WARN_BLOCK_CAPTURE_AUTORELEASING = YES;
				CLANG_WARN_BOOL_CONVERSION = YES;
				CLANG_WARN_COMMA = YES;
				CLANG_WARN_CONSTANT_CONVERSION = YES;
				CLANG_WARN_DEPRECATED_OBJC_IMPLEMENTATIONS = YES;
				CLANG_WARN_DIRECT_OBJC_ISA_USAGE = YES_ERROR;
				CLANG_WARN_DOCUMENTATION_COMMENTS = YES;
				CLANG_WARN_EMPTY_BODY = YES;
				CLANG_WARN_ENUM_CONVERSION = YES;
				CLANG_WARN_INFINITE_RECURSION = YES;
				CLANG_WARN_INT_CONVERSION = YES;
				CLANG_WARN_NON_LITERAL_NULL_CONVERSION = YES;
				CLANG_WARN_OBJC_IMPLICIT_RETAIN_SELF = YES;
				CLANG_WARN_OBJC_LITERAL_CONVERSION = YES;
				CLANG_WARN_OBJC_ROOT_CLASS = YES_ERROR;
				CLANG_WARN_QUOTED_INCLUDE_IN_FRAMEWORK_HEADER = YES;
				CLANG_WARN_RANGE_LOOP_ANALYSIS = YES;
				CLANG_WARN_STRICT_PROTOTYPES = YES;
				CLANG_WARN_SUSPICIOUS_MOVE = YES;
				CLANG_WARN_UNGUARDED_AVAILABILITY = YES_AGGRESSIVE;
				CLANG_WARN_UNREACHABLE_CODE = YES;
				CLANG_WARN__DUPLICATE_METHOD_MATCH = YES;
				COPY_PHASE_STRIP = NO;
				DEBUG_INFORMATION_FORMAT = "dwarf-with-dsym";
				ENABLE_NS_ASSERTIONS = NO;
				ENABLE_STRICT_OBJC_MSGSEND = YES;
				GCC_C_LANGUAGE_STANDARD = gnu11;
				GCC_NO_COMMON_BLOCKS = YES;
				GCC_WARN_64_TO_32_BIT_CONVERSION = YES;
				GCC_WARN_ABOUT_RETURN_TYPE = YES_ERROR;
				GCC_WARN_UNDECLARED_SELECTOR = YES;
				GCC_WARN_UNINITIALIZED_AUTOS = YES_AGGRESSIVE;
				GCC_WARN_UNUSED_FUNCTION = YES;
				GCC_WARN_UNUSED_VARIABLE = YES;
				IPHONEOS_DEPLOYMENT_TARGET = 16.0;
				MTL_ENABLE_DEBUG_INFO = NO;
				MTL_FAST_MATH = YES;
				SDKROOT = iphoneos;
				SWIFT_COMPILATION_MODE = wholemodule;
				SWIFT_OPTIMIZATION_LEVEL = "-O";
				VALIDATE_PRODUCT = YES;
			};
			name = Release;
		};
		238A69A728F576C60037EE0D /* Debug */ = {
			isa = XCBuildConfiguration;
			baseConfigurationReference = CB948FCE039D1F2837480AA4 /* Pods-TestTaskManagerApp.debug.xcconfig */;
			buildSettings = {
				ASSETCATALOG_COMPILER_APPICON_NAME = AppIcon;
				ASSETCATALOG_COMPILER_GLOBAL_ACCENT_COLOR_NAME = AccentColor;
				CODE_SIGN_STYLE = Automatic;
				CURRENT_PROJECT_VERSION = 1;
				GENERATE_INFOPLIST_FILE = YES;
				INFOPLIST_FILE = TestTaskManagerApp/Info.plist;
				INFOPLIST_KEY_UIApplicationSupportsIndirectInputEvents = YES;
				INFOPLIST_KEY_UILaunchStoryboardName = LaunchScreen.storyboard;
				INFOPLIST_KEY_UISupportedInterfaceOrientations = UIInterfaceOrientationPortrait;
				INFOPLIST_KEY_UISupportedInterfaceOrientations_iPad = "UIInterfaceOrientationLandscapeLeft UIInterfaceOrientationLandscapeRight UIInterfaceOrientationPortrait UIInterfaceOrientationPortraitUpsideDown";
				LD_RUNPATH_SEARCH_PATHS = (
					"$(inherited)",
					"@executable_path/Frameworks",
				);
				MARKETING_VERSION = 1.0;
				PRODUCT_BUNDLE_IDENTIFIER = com.niko.TestTaskManagerApp;
				PRODUCT_NAME = "$(TARGET_NAME)";
				SUPPORTED_PLATFORMS = "iphoneos iphonesimulator";
				SUPPORTS_MACCATALYST = NO;
				SUPPORTS_MAC_DESIGNED_FOR_IPHONE_IPAD = YES;
				SWIFT_EMIT_LOC_STRINGS = YES;
				SWIFT_VERSION = 5.0;
				TARGETED_DEVICE_FAMILY = 1;
			};
			name = Debug;
		};
		238A69A828F576C60037EE0D /* Release */ = {
			isa = XCBuildConfiguration;
			baseConfigurationReference = 59A82FA233CF74335A9F1147 /* Pods-TestTaskManagerApp.release.xcconfig */;
			buildSettings = {
				ASSETCATALOG_COMPILER_APPICON_NAME = AppIcon;
				ASSETCATALOG_COMPILER_GLOBAL_ACCENT_COLOR_NAME = AccentColor;
				CODE_SIGN_STYLE = Automatic;
				CURRENT_PROJECT_VERSION = 1;
				GENERATE_INFOPLIST_FILE = YES;
				INFOPLIST_FILE = TestTaskManagerApp/Info.plist;
				INFOPLIST_KEY_UIApplicationSupportsIndirectInputEvents = YES;
				INFOPLIST_KEY_UILaunchStoryboardName = LaunchScreen.storyboard;
				INFOPLIST_KEY_UISupportedInterfaceOrientations = UIInterfaceOrientationPortrait;
				INFOPLIST_KEY_UISupportedInterfaceOrientations_iPad = "UIInterfaceOrientationLandscapeLeft UIInterfaceOrientationLandscapeRight UIInterfaceOrientationPortrait UIInterfaceOrientationPortraitUpsideDown";
				LD_RUNPATH_SEARCH_PATHS = (
					"$(inherited)",
					"@executable_path/Frameworks",
				);
				MARKETING_VERSION = 1.0;
				PRODUCT_BUNDLE_IDENTIFIER = com.niko.TestTaskManagerApp;
				PRODUCT_NAME = "$(TARGET_NAME)";
				SUPPORTED_PLATFORMS = "iphoneos iphonesimulator";
				SUPPORTS_MACCATALYST = NO;
				SUPPORTS_MAC_DESIGNED_FOR_IPHONE_IPAD = YES;
				SWIFT_EMIT_LOC_STRINGS = YES;
				SWIFT_VERSION = 5.0;
				TARGETED_DEVICE_FAMILY = 1;
			};
			name = Release;
		};
/* End XCBuildConfiguration section */

/* Begin XCConfigurationList section */
		238A698D28F576C50037EE0D /* Build configuration list for PBXProject "TestTaskManagerApp" */ = {
			isa = XCConfigurationList;
			buildConfigurations = (
				238A69A428F576C60037EE0D /* Debug */,
				238A69A528F576C60037EE0D /* Release */,
			);
			defaultConfigurationIsVisible = 0;
			defaultConfigurationName = Release;
		};
		238A69A628F576C60037EE0D /* Build configuration list for PBXNativeTarget "TestTaskManagerApp" */ = {
			isa = XCConfigurationList;
			buildConfigurations = (
				238A69A728F576C60037EE0D /* Debug */,
				238A69A828F576C60037EE0D /* Release */,
			);
			defaultConfigurationIsVisible = 0;
			defaultConfigurationName = Release;
		};
/* End XCConfigurationList section */
	};
	rootObject = 238A698A28F576C50037EE0D /* Project object */;
}
